
Microsoft Visual Studio Solution File, Format Version 12.00
# Visual Studio 2013
VisualStudioVersion = 12.0.40629.0
MinimumVisualStudioVersion = 10.0.40219.1
Project("{FAE04EC0-301F-11D3-BF4B-00C04F79EFBC}") = "冒泡排序", "冒泡排序\冒泡排序.csproj", "{9E25F2BE-F4B6-49FB-A3EB-1E317E64DE6E}"
EndProject
Global
	GlobalSection(SolutionConfigurationPlatforms) = preSolution
		Debug|Any CPU = Debug|Any CPU
		Release|Any CPU = Release|Any CPU
	EndGlobalSection
	GlobalSection(ProjectConfigurationPlatforms) = postSolution
		{9E25F2BE-F4B6-49FB-A3EB-1E317E64DE6E}.Debug|Any CPU.ActiveCfg = Debug|Any CPU
		{9E25F2BE-F4B6-49FB-A3EB-1E317E64DE6E}.Debug|Any CPU.Build.0 = Debug|Any CPU
		{9E25F2BE-F4B6-49FB-A3EB-1E317E64DE6E}.Release|Any CPU.ActiveCfg = Release|Any CPU
		{9E25F2BE-F4B6-49FB-A3EB-1E317E64DE6E}.Release|Any CPU.Build.0 = Release|Any CPU
	EndGlobalSection
	GlobalSection(SolutionProperties) = preSolution
		HideSolutionNode = FALSE
	EndGlobalSection
EndGlobal
